// !$*UTF8*$!
{
	archiveVersion = 1;
	classes = {
	};
	objectVersion = 46;
	objects = {

/* Begin PBXBuildFile section */
		FC0AE9B41D3D523C00296401 /* ShowLocationLogViewController.swift in Sources */ = {isa = PBXBuildFile; fileRef = FC0AE9B31D3D523C00296401 /* ShowLocationLogViewController.swift */; };
		FC0AE9B81D3D621500296401 /* DateExtension.swift in Sources */ = {isa = PBXBuildFile; fileRef = FC0AE9B71D3D621500296401 /* DateExtension.swift */; };
		FC0AE9BA1D3D794F00296401 /* NoPhotosInLocationLogView.xib in Resources */ = {isa = PBXBuildFile; fileRef = FC0AE9B91D3D794F00296401 /* NoPhotosInLocationLogView.xib */; };
		FC1913F11D1B869800146224 /* AppDelegate.swift in Sources */ = {isa = PBXBuildFile; fileRef = FC1913F01D1B869800146224 /* AppDelegate.swift */; };
		FC1913F31D1B869800146224 /* SplashScreenController.swift in Sources */ = {isa = PBXBuildFile; fileRef = FC1913F21D1B869800146224 /* SplashScreenController.swift */; };
		FC1913F61D1B869800146224 /* Main.storyboard in Resources */ = {isa = PBXBuildFile; fileRef = FC1913F41D1B869800146224 /* Main.storyboard */; };
		FC1913F81D1B869800146224 /* Assets.xcassets in Resources */ = {isa = PBXBuildFile; fileRef = FC1913F71D1B869800146224 /* Assets.xcassets */; };
		FC392BE11D3480C0009DD959 /* LocationLog.xcdatamodeld in Sources */ = {isa = PBXBuildFile; fileRef = FC392BDF1D3480C0009DD959 /* LocationLog.xcdatamodeld */; };
		FC392BE81D348453009DD959 /* ImageThumbnail+CoreDataProperties.swift in Sources */ = {isa = PBXBuildFile; fileRef = FC392BE21D348453009DD959 /* ImageThumbnail+CoreDataProperties.swift */; };
		FC392BE91D348453009DD959 /* ImageThumbnail.swift in Sources */ = {isa = PBXBuildFile; fileRef = FC392BE31D348453009DD959 /* ImageThumbnail.swift */; };
		FC392BEA1D348453009DD959 /* LocationLog+CoreDataProperties.swift in Sources */ = {isa = PBXBuildFile; fileRef = FC392BE41D348453009DD959 /* LocationLog+CoreDataProperties.swift */; };
		FC392BEB1D348453009DD959 /* LocationLog.swift in Sources */ = {isa = PBXBuildFile; fileRef = FC392BE51D348453009DD959 /* LocationLog.swift */; };
		FC392BEC1D348453009DD959 /* FullResolutionS3Image+CoreDataProperties.swift in Sources */ = {isa = PBXBuildFile; fileRef = FC392BE61D348453009DD959 /* FullResolutionS3Image+CoreDataProperties.swift */; };
		FC392BED1D348453009DD959 /* FullResolutionS3Image.swift in Sources */ = {isa = PBXBuildFile; fileRef = FC392BE71D348453009DD959 /* FullResolutionS3Image.swift */; };
		FC392C101D355D1E009DD959 /* AWSCore.framework in Frameworks */ = {isa = PBXBuildFile; fileRef = FC392BF81D355D1E009DD959 /* AWSCore.framework */; };
		FC392C111D355D1E009DD959 /* AWSCore.framework in Embed Frameworks */ = {isa = PBXBuildFile; fileRef = FC392BF81D355D1E009DD959 /* AWSCore.framework */; settings = {ATTRIBUTES = (CodeSignOnCopy, RemoveHeadersOnCopy, ); }; };
		FC392C221D355D1E009DD959 /* AWSS3.framework in Frameworks */ = {isa = PBXBuildFile; fileRef = FC392C011D355D1E009DD959 /* AWSS3.framework */; };
		FC392C231D355D1E009DD959 /* AWSS3.framework in Embed Frameworks */ = {isa = PBXBuildFile; fileRef = FC392C011D355D1E009DD959 /* AWSS3.framework */; settings = {ATTRIBUTES = (CodeSignOnCopy, RemoveHeadersOnCopy, ); }; };
		FC392C301D355FAA009DD959 /* amazon-aws-credentials.plist in Resources */ = {isa = PBXBuildFile; fileRef = FC392C2F1D355FAA009DD959 /* amazon-aws-credentials.plist */; };
		FC5B6ECA1D2CA87500EC9C88 /* LocalAuthentication.framework in Frameworks */ = {isa = PBXBuildFile; fileRef = FC5B6EC21D2CA66400EC9C88 /* LocalAuthentication.framework */; };
		FC5B6ECE1D2CAA2300EC9C88 /* KeychainWrapper.swift in Sources */ = {isa = PBXBuildFile; fileRef = FC5B6ECC1D2CAA2300EC9C88 /* KeychainWrapper.swift */; };
		FC5B6ECF1D2CAA2300EC9C88 /* KeychainOptions.swift in Sources */ = {isa = PBXBuildFile; fileRef = FC5B6ECD1D2CAA2300EC9C88 /* KeychainOptions.swift */; };
		FC5B6ED21D2E049D00EC9C88 /* UserLocationLogsViewController.swift in Sources */ = {isa = PBXBuildFile; fileRef = FC5B6ED11D2E049D00EC9C88 /* UserLocationLogsViewController.swift */; };
		FC605F161D276D5E00AC5F73 /* LoginUserViewController.swift in Sources */ = {isa = PBXBuildFile; fileRef = FC605F151D276D5E00AC5F73 /* LoginUserViewController.swift */; };
		FC605F1A1D289E1000AC5F73 /* SignUpUserViewController.swift in Sources */ = {isa = PBXBuildFile; fileRef = FC605F191D289E1000AC5F73 /* SignUpUserViewController.swift */; };
		FC605F301D29FE2700AC5F73 /* endpoints.plist in Resources */ = {isa = PBXBuildFile; fileRef = FC605F2F1D29FE2700AC5F73 /* endpoints.plist */; };
		FC605F341D2B092800AC5F73 /* LoadingScreenView.xib in Resources */ = {isa = PBXBuildFile; fileRef = FC605F331D2B092800AC5F73 /* LoadingScreenView.xib */; };
		FC605F361D2B1B8300AC5F73 /* CommonUtils.swift in Sources */ = {isa = PBXBuildFile; fileRef = FC605F351D2B1B8300AC5F73 /* CommonUtils.swift */; };
		FCCB72E21D394952001CCDD6 /* NoLocationLogsView.xib in Resources */ = {isa = PBXBuildFile; fileRef = FCCB72E11D394952001CCDD6 /* NoLocationLogsView.xib */; };
		FCCB72EC1D39A601001CCDD6 /* ProgressLocationLogTableViewCell.swift in Sources */ = {isa = PBXBuildFile; fileRef = FCCB72EB1D39A601001CCDD6 /* ProgressLocationLogTableViewCell.swift */; };
		FCCC8F1A1D37434400BF49DB /* MultipartFormDataHTTP.swift in Sources */ = {isa = PBXBuildFile; fileRef = FCCC8F191D37434400BF49DB /* MultipartFormDataHTTP.swift */; };
		FCCC8F1C1D37EFF500BF49DB /* SystemConfiguration.framework in Frameworks */ = {isa = PBXBuildFile; fileRef = FCCC8F1B1D37EFF500BF49DB /* SystemConfiguration.framework */; };
		FCCC8F1E1D37F67800BF49DB /* UserAuthentication.swift in Sources */ = {isa = PBXBuildFile; fileRef = FCCC8F1D1D37F67800BF49DB /* UserAuthentication.swift */; };
		FCCD4C2B1D38354900656E3A /* UserSettingsViewController.swift in Sources */ = {isa = PBXBuildFile; fileRef = FCCD4C2A1D38354900656E3A /* UserSettingsViewController.swift */; };
		FCCD4C301D388E5E00656E3A /* LocationLogWithImageTableViewCell.swift in Sources */ = {isa = PBXBuildFile; fileRef = FCCD4C2F1D388E5E00656E3A /* LocationLogWithImageTableViewCell.swift */; };
		FCCD4C321D388F4100656E3A /* LocationLogWithoutImageTableViewCell.swift in Sources */ = {isa = PBXBuildFile; fileRef = FCCD4C311D388F4100656E3A /* LocationLogWithoutImageTableViewCell.swift */; };
		FCFA5AEC1D2365D20092ADDC /* NewUserViewController.swift in Sources */ = {isa = PBXBuildFile; fileRef = FCFA5AEB1D2365D20092ADDC /* NewUserViewController.swift */; };
		FCFA5AEE1D242E450092ADDC /* NewUserPageContentViewController.swift in Sources */ = {isa = PBXBuildFile; fileRef = FCFA5AED1D242E450092ADDC /* NewUserPageContentViewController.swift */; };
		FCFD7E401D2ED7B200727BD6 /* ProgressLoadingScreenView.xib in Resources */ = {isa = PBXBuildFile; fileRef = FCFD7E3F1D2ED7B200727BD6 /* ProgressLoadingScreenView.xib */; };
		FCFD7E441D2EE3C800727BD6 /* ProgressLoadingScreenView.swift in Sources */ = {isa = PBXBuildFile; fileRef = FCFD7E431D2EE3C800727BD6 /* ProgressLoadingScreenView.swift */; };
		FCFD7E481D2F42B400727BD6 /* NewUserLocationLogViewController.swift in Sources */ = {isa = PBXBuildFile; fileRef = FCFD7E471D2F42B400727BD6 /* NewUserLocationLogViewController.swift */; };
		FCFD7E4F1D300BAA00727BD6 /* AddNewPhotoCollectionViewCell.swift in Sources */ = {isa = PBXBuildFile; fileRef = FCFD7E4E1D300BAA00727BD6 /* AddNewPhotoCollectionViewCell.swift */; };
		FCFD7E511D300D6500727BD6 /* PhotoCollectionViewCell.swift in Sources */ = {isa = PBXBuildFile; fileRef = FCFD7E501D300D6500727BD6 /* PhotoCollectionViewCell.swift */; };
		FCFD7E531D300F8E00727BD6 /* PhotoView.swift in Sources */ = {isa = PBXBuildFile; fileRef = FCFD7E521D300F8E00727BD6 /* PhotoView.swift */; };
		FCFD7E571D30B1DA00727BD6 /* AddLocationToLocationLogViewController.swift in Sources */ = {isa = PBXBuildFile; fileRef = FCFD7E561D30B1DA00727BD6 /* AddLocationToLocationLogViewController.swift */; };
		FCFD7E591D318F0C00727BD6 /* MapKit.framework in Frameworks */ = {isa = PBXBuildFile; fileRef = FCFD7E581D318F0C00727BD6 /* MapKit.framework */; };
/* End PBXBuildFile section */

/* Begin PBXCopyFilesBuildPhase section */
		FC392C2C1D355D1E009DD959 /* Embed Frameworks */ = {
			isa = PBXCopyFilesBuildPhase;
			buildActionMask = 2147483647;
			dstPath = "";
			dstSubfolderSpec = 10;
			files = (
				FC392C111D355D1E009DD959 /* AWSCore.framework in Embed Frameworks */,
				FC392C231D355D1E009DD959 /* AWSS3.framework in Embed Frameworks */,
			);
			name = "Embed Frameworks";
			runOnlyForDeploymentPostprocessing = 0;
		};
/* End PBXCopyFilesBuildPhase section */

/* Begin PBXFileReference section */
		FC0AE9B31D3D523C00296401 /* ShowLocationLogViewController.swift */ = {isa = PBXFileReference; fileEncoding = 4; lastKnownFileType = sourcecode.swift; path = ShowLocationLogViewController.swift; sourceTree = "<group>"; };
		FC0AE9B71D3D621500296401 /* DateExtension.swift */ = {isa = PBXFileReference; fileEncoding = 4; lastKnownFileType = sourcecode.swift; name = DateExtension.swift; path = CommonUtils/DateExtension.swift; sourceTree = "<group>"; };
		FC0AE9B91D3D794F00296401 /* NoPhotosInLocationLogView.xib */ = {isa = PBXFileReference; fileEncoding = 4; lastKnownFileType = file.xib; name = NoPhotosInLocationLogView.xib; path = PhotoCollectionViews/NoPhotosInLocationLogView.xib; sourceTree = "<group>"; };
		FC1913ED1D1B869800146224 /* LocNotes.app */ = {isa = PBXFileReference; explicitFileType = wrapper.application; includeInIndex = 0; path = LocNotes.app; sourceTree = BUILT_PRODUCTS_DIR; };
		FC1913F01D1B869800146224 /* AppDelegate.swift */ = {isa = PBXFileReference; lastKnownFileType = sourcecode.swift; path = AppDelegate.swift; sourceTree = "<group>"; };
		FC1913F21D1B869800146224 /* SplashScreenController.swift */ = {isa = PBXFileReference; lastKnownFileType = sourcecode.swift; path = SplashScreenController.swift; sourceTree = "<group>"; };
		FC1913F51D1B869800146224 /* Base */ = {isa = PBXFileReference; lastKnownFileType = file.storyboard; name = Base; path = Base.lproj/Main.storyboard; sourceTree = "<group>"; };
		FC1913F71D1B869800146224 /* Assets.xcassets */ = {isa = PBXFileReference; lastKnownFileType = folder.assetcatalog; path = Assets.xcassets; sourceTree = "<group>"; };
		FC1913FC1D1B869800146224 /* Info.plist */ = {isa = PBXFileReference; lastKnownFileType = text.plist.xml; path = Info.plist; sourceTree = "<group>"; };
		FC392BE01D3480C0009DD959 /* LocationLog.xcdatamodel */ = {isa = PBXFileReference; lastKnownFileType = wrapper.xcdatamodel; path = LocationLog.xcdatamodel; sourceTree = "<group>"; };
		FC392BE21D348453009DD959 /* ImageThumbnail+CoreDataProperties.swift */ = {isa = PBXFileReference; fileEncoding = 4; lastKnownFileType = sourcecode.swift; name = "ImageThumbnail+CoreDataProperties.swift"; path = "CoreData/ImageThumbnail+CoreDataProperties.swift"; sourceTree = "<group>"; };
		FC392BE31D348453009DD959 /* ImageThumbnail.swift */ = {isa = PBXFileReference; fileEncoding = 4; lastKnownFileType = sourcecode.swift; name = ImageThumbnail.swift; path = CoreData/ImageThumbnail.swift; sourceTree = "<group>"; };
		FC392BE41D348453009DD959 /* LocationLog+CoreDataProperties.swift */ = {isa = PBXFileReference; fileEncoding = 4; lastKnownFileType = sourcecode.swift; name = "LocationLog+CoreDataProperties.swift"; path = "CoreData/LocationLog+CoreDataProperties.swift"; sourceTree = "<group>"; };
		FC392BE51D348453009DD959 /* LocationLog.swift */ = {isa = PBXFileReference; fileEncoding = 4; lastKnownFileType = sourcecode.swift; name = LocationLog.swift; path = CoreData/LocationLog.swift; sourceTree = "<group>"; };
		FC392BE61D348453009DD959 /* FullResolutionS3Image+CoreDataProperties.swift */ = {isa = PBXFileReference; fileEncoding = 4; lastKnownFileType = sourcecode.swift; name = "FullResolutionS3Image+CoreDataProperties.swift"; path = "CoreData/FullResolutionS3Image+CoreDataProperties.swift"; sourceTree = "<group>"; };
		FC392BE71D348453009DD959 /* FullResolutionS3Image.swift */ = {isa = PBXFileReference; fileEncoding = 4; lastKnownFileType = sourcecode.swift; name = FullResolutionS3Image.swift; path = CoreData/FullResolutionS3Image.swift; sourceTree = "<group>"; };
		FC392BF81D355D1E009DD959 /* AWSCore.framework */ = {isa = PBXFileReference; lastKnownFileType = wrapper.framework; path = AWSCore.framework; sourceTree = "<group>"; };
		FC392C011D355D1E009DD959 /* AWSS3.framework */ = {isa = PBXFileReference; lastKnownFileType = wrapper.framework; path = AWSS3.framework; sourceTree = "<group>"; };
		FC392C2F1D355FAA009DD959 /* amazon-aws-credentials.plist */ = {isa = PBXFileReference; fileEncoding = 4; lastKnownFileType = text.plist.xml; path = "amazon-aws-credentials.plist"; sourceTree = "<group>"; };
		FC5B6EC21D2CA66400EC9C88 /* LocalAuthentication.framework */ = {isa = PBXFileReference; lastKnownFileType = wrapper.framework; name = LocalAuthentication.framework; path = System/Library/Frameworks/LocalAuthentication.framework; sourceTree = SDKROOT; };
		FC5B6EC61D2CA82E00EC9C88 /* Security.framework */ = {isa = PBXFileReference; lastKnownFileType = wrapper.framework; name = Security.framework; path = System/Library/Frameworks/Security.framework; sourceTree = SDKROOT; };
		FC5B6ECB1D2CAA2300EC9C88 /* SwiftKeychainWrapper.h */ = {isa = PBXFileReference; fileEncoding = 4; lastKnownFileType = sourcecode.c.h; path = SwiftKeychainWrapper.h; sourceTree = "<group>"; };
		FC5B6ECC1D2CAA2300EC9C88 /* KeychainWrapper.swift */ = {isa = PBXFileReference; fileEncoding = 4; lastKnownFileType = sourcecode.swift; path = KeychainWrapper.swift; sourceTree = "<group>"; };
		FC5B6ECD1D2CAA2300EC9C88 /* KeychainOptions.swift */ = {isa = PBXFileReference; fileEncoding = 4; lastKnownFileType = sourcecode.swift; path = KeychainOptions.swift; sourceTree = "<group>"; };
		FC5B6ED11D2E049D00EC9C88 /* UserLocationLogsViewController.swift */ = {isa = PBXFileReference; fileEncoding = 4; lastKnownFileType = sourcecode.swift; path = UserLocationLogsViewController.swift; sourceTree = "<group>"; };
		FC605F151D276D5E00AC5F73 /* LoginUserViewController.swift */ = {isa = PBXFileReference; fileEncoding = 4; lastKnownFileType = sourcecode.swift; path = LoginUserViewController.swift; sourceTree = "<group>"; };
		FC605F191D289E1000AC5F73 /* SignUpUserViewController.swift */ = {isa = PBXFileReference; fileEncoding = 4; lastKnownFileType = sourcecode.swift; path = SignUpUserViewController.swift; sourceTree = "<group>"; };
		FC605F2F1D29FE2700AC5F73 /* endpoints.plist */ = {isa = PBXFileReference; fileEncoding = 4; lastKnownFileType = text.plist.xml; path = endpoints.plist; sourceTree = "<group>"; };
		FC605F331D2B092800AC5F73 /* LoadingScreenView.xib */ = {isa = PBXFileReference; fileEncoding = 4; lastKnownFileType = file.xib; name = LoadingScreenView.xib; path = CommonUtils/LoadingScreenView.xib; sourceTree = "<group>"; };
		FC605F351D2B1B8300AC5F73 /* CommonUtils.swift */ = {isa = PBXFileReference; fileEncoding = 4; lastKnownFileType = sourcecode.swift; name = CommonUtils.swift; path = CommonUtils/CommonUtils.swift; sourceTree = "<group>"; };
		FCCB72E11D394952001CCDD6 /* NoLocationLogsView.xib */ = {isa = PBXFileReference; fileEncoding = 4; lastKnownFileType = file.xib; name = NoLocationLogsView.xib; path = LocationLogTableViews/NoLocationLogsView.xib; sourceTree = "<group>"; };
		FCCB72EB1D39A601001CCDD6 /* ProgressLocationLogTableViewCell.swift */ = {isa = PBXFileReference; fileEncoding = 4; lastKnownFileType = sourcecode.swift; name = ProgressLocationLogTableViewCell.swift; path = LocationLogTableViews/ProgressLocationLogTableViewCell.swift; sourceTree = "<group>"; };
		FCCC8F181D36B80A00BF49DB /* LocNotes-Bridging-Header.h */ = {isa = PBXFileReference; lastKnownFileType = sourcecode.c.h; path = "LocNotes-Bridging-Header.h"; sourceTree = "<group>"; };
		FCCC8F191D37434400BF49DB /* MultipartFormDataHTTP.swift */ = {isa = PBXFileReference; fileEncoding = 4; lastKnownFileType = sourcecode.swift; name = MultipartFormDataHTTP.swift; path = CommonUtils/MultipartFormDataHTTP.swift; sourceTree = "<group>"; };
		FCCC8F1B1D37EFF500BF49DB /* SystemConfiguration.framework */ = {isa = PBXFileReference; lastKnownFileType = wrapper.framework; name = SystemConfiguration.framework; path = System/Library/Frameworks/SystemConfiguration.framework; sourceTree = SDKROOT; };
		FCCC8F1D1D37F67800BF49DB /* UserAuthentication.swift */ = {isa = PBXFileReference; fileEncoding = 4; lastKnownFileType = sourcecode.swift; name = UserAuthentication.swift; path = CommonUtils/UserAuthentication.swift; sourceTree = "<group>"; };
		FCCD4C2A1D38354900656E3A /* UserSettingsViewController.swift */ = {isa = PBXFileReference; fileEncoding = 4; lastKnownFileType = sourcecode.swift; path = UserSettingsViewController.swift; sourceTree = "<group>"; };
		FCCD4C2F1D388E5E00656E3A /* LocationLogWithImageTableViewCell.swift */ = {isa = PBXFileReference; fileEncoding = 4; lastKnownFileType = sourcecode.swift; name = LocationLogWithImageTableViewCell.swift; path = LocationLogTableViews/LocationLogWithImageTableViewCell.swift; sourceTree = "<group>"; };
		FCCD4C311D388F4100656E3A /* LocationLogWithoutImageTableViewCell.swift */ = {isa = PBXFileReference; fileEncoding = 4; lastKnownFileType = sourcecode.swift; name = LocationLogWithoutImageTableViewCell.swift; path = LocationLogTableViews/LocationLogWithoutImageTableViewCell.swift; sourceTree = "<group>"; };
		FCFA5AEB1D2365D20092ADDC /* NewUserViewController.swift */ = {isa = PBXFileReference; fileEncoding = 4; lastKnownFileType = sourcecode.swift; path = NewUserViewController.swift; sourceTree = "<group>"; };
		FCFA5AED1D242E450092ADDC /* NewUserPageContentViewController.swift */ = {isa = PBXFileReference; fileEncoding = 4; lastKnownFileType = sourcecode.swift; path = NewUserPageContentViewController.swift; sourceTree = "<group>"; };
		FCFD7E3F1D2ED7B200727BD6 /* ProgressLoadingScreenView.xib */ = {isa = PBXFileReference; fileEncoding = 4; lastKnownFileType = file.xib; path = ProgressLoadingScreenView.xib; sourceTree = "<group>"; };
		FCFD7E431D2EE3C800727BD6 /* ProgressLoadingScreenView.swift */ = {isa = PBXFileReference; fileEncoding = 4; lastKnownFileType = sourcecode.swift; name = ProgressLoadingScreenView.swift; path = CommonUtils/ProgressLoadingScreenView.swift; sourceTree = "<group>"; };
		FCFD7E471D2F42B400727BD6 /* NewUserLocationLogViewController.swift */ = {isa = PBXFileReference; fileEncoding = 4; lastKnownFileType = sourcecode.swift; path = NewUserLocationLogViewController.swift; sourceTree = "<group>"; };
		FCFD7E4E1D300BAA00727BD6 /* AddNewPhotoCollectionViewCell.swift */ = {isa = PBXFileReference; fileEncoding = 4; lastKnownFileType = sourcecode.swift; name = AddNewPhotoCollectionViewCell.swift; path = PhotoCollectionViews/AddNewPhotoCollectionViewCell.swift; sourceTree = "<group>"; };
		FCFD7E501D300D6500727BD6 /* PhotoCollectionViewCell.swift */ = {isa = PBXFileReference; fileEncoding = 4; lastKnownFileType = sourcecode.swift; name = PhotoCollectionViewCell.swift; path = PhotoCollectionViews/PhotoCollectionViewCell.swift; sourceTree = "<group>"; };
		FCFD7E521D300F8E00727BD6 /* PhotoView.swift */ = {isa = PBXFileReference; fileEncoding = 4; lastKnownFileType = sourcecode.swift; name = PhotoView.swift; path = PhotoCollectionViews/PhotoView.swift; sourceTree = "<group>"; };
		FCFD7E561D30B1DA00727BD6 /* AddLocationToLocationLogViewController.swift */ = {isa = PBXFileReference; fileEncoding = 4; lastKnownFileType = sourcecode.swift; path = AddLocationToLocationLogViewController.swift; sourceTree = "<group>"; };
		FCFD7E581D318F0C00727BD6 /* MapKit.framework */ = {isa = PBXFileReference; lastKnownFileType = wrapper.framework; name = MapKit.framework; path = System/Library/Frameworks/MapKit.framework; sourceTree = SDKROOT; };
/* End PBXFileReference section */

/* Begin PBXFrameworksBuildPhase section */
		FC1913EA1D1B869800146224 /* Frameworks */ = {
			isa = PBXFrameworksBuildPhase;
			buildActionMask = 2147483647;
			files = (
				FCCC8F1C1D37EFF500BF49DB /* SystemConfiguration.framework in Frameworks */,
				FC392C221D355D1E009DD959 /* AWSS3.framework in Frameworks */,
				FC392C101D355D1E009DD959 /* AWSCore.framework in Frameworks */,
				FCFD7E591D318F0C00727BD6 /* MapKit.framework in Frameworks */,
				FC5B6ECA1D2CA87500EC9C88 /* LocalAuthentication.framework in Frameworks */,
			);
			runOnlyForDeploymentPostprocessing = 0;
		};
/* End PBXFrameworksBuildPhase section */

/* Begin PBXGroup section */
		FC1913E41D1B869800146224 = {
			isa = PBXGroup;
			children = (
				FC392C2D1D355D2B009DD959 /* Frameworks */,
				FC1913EF1D1B869800146224 /* LocNotes */,
				FC1913EE1D1B869800146224 /* Products */,
			);
			sourceTree = "<group>";
		};
		FC1913EE1D1B869800146224 /* Products */ = {
			isa = PBXGroup;
			children = (
				FC1913ED1D1B869800146224 /* LocNotes.app */,
			);
			name = Products;
			sourceTree = "<group>";
		};
		FC1913EF1D1B869800146224 /* LocNotes */ = {
			isa = PBXGroup;
			children = (
				FCCC8F181D36B80A00BF49DB /* LocNotes-Bridging-Header.h */,
				FC605F271D28CF1F00AC5F73 /* CommonUtils */,
				FC392BEE1D348461009DD959 /* CoreData */,
				FCFD7E4D1D300B5B00727BD6 /* PhotoCollectionViews */,
				FCCD4C2E1D388E2800656E3A /* LocationLogTableViews */,
				FC1913F01D1B869800146224 /* AppDelegate.swift */,
				FC1913F21D1B869800146224 /* SplashScreenController.swift */,
				FC1913F41D1B869800146224 /* Main.storyboard */,
				FC1913F71D1B869800146224 /* Assets.xcassets */,
				FC1913FC1D1B869800146224 /* Info.plist */,
				FCFA5AEB1D2365D20092ADDC /* NewUserViewController.swift */,
				FCFA5AED1D242E450092ADDC /* NewUserPageContentViewController.swift */,
				FC605F151D276D5E00AC5F73 /* LoginUserViewController.swift */,
				FC605F191D289E1000AC5F73 /* SignUpUserViewController.swift */,
				FC5B6ED11D2E049D00EC9C88 /* UserLocationLogsViewController.swift */,
				FCFD7E471D2F42B400727BD6 /* NewUserLocationLogViewController.swift */,
				FCCD4C2A1D38354900656E3A /* UserSettingsViewController.swift */,
				FCFD7E561D30B1DA00727BD6 /* AddLocationToLocationLogViewController.swift */,
				FC0AE9B31D3D523C00296401 /* ShowLocationLogViewController.swift */,
				FC605F2F1D29FE2700AC5F73 /* endpoints.plist */,
				FC392C2F1D355FAA009DD959 /* amazon-aws-credentials.plist */,
				FC392BDF1D3480C0009DD959 /* LocationLog.xcdatamodeld */,
			);
			path = LocNotes;
			sourceTree = "<group>";
		};
		FC392BEE1D348461009DD959 /* CoreData */ = {
			isa = PBXGroup;
			children = (
				FC392BE21D348453009DD959 /* ImageThumbnail+CoreDataProperties.swift */,
				FC392BE31D348453009DD959 /* ImageThumbnail.swift */,
				FC392BE41D348453009DD959 /* LocationLog+CoreDataProperties.swift */,
				FC392BE51D348453009DD959 /* LocationLog.swift */,
				FC392BE61D348453009DD959 /* FullResolutionS3Image+CoreDataProperties.swift */,
				FC392BE71D348453009DD959 /* FullResolutionS3Image.swift */,
			);
			name = CoreData;
			sourceTree = "<group>";
		};
		FC392C2D1D355D2B009DD959 /* Frameworks */ = {
			isa = PBXGroup;
			children = (
				FCCC8F1B1D37EFF500BF49DB /* SystemConfiguration.framework */,
				FC392BF81D355D1E009DD959 /* AWSCore.framework */,
				FC392C011D355D1E009DD959 /* AWSS3.framework */,
				FCFD7E581D318F0C00727BD6 /* MapKit.framework */,
				FC5B6EC61D2CA82E00EC9C88 /* Security.framework */,
				FC5B6EC21D2CA66400EC9C88 /* LocalAuthentication.framework */,
			);
			name = Frameworks;
			sourceTree = "<group>";
		};
		FC5B6ED01D2CAA2900EC9C88 /* SwiftKeychainWrapper */ = {
			isa = PBXGroup;
			children = (
				FC5B6ECB1D2CAA2300EC9C88 /* SwiftKeychainWrapper.h */,
				FC5B6ECC1D2CAA2300EC9C88 /* KeychainWrapper.swift */,
				FC5B6ECD1D2CAA2300EC9C88 /* KeychainOptions.swift */,
			);
			name = SwiftKeychainWrapper;
			sourceTree = "<group>";
		};
		FC605F271D28CF1F00AC5F73 /* CommonUtils */ = {
			isa = PBXGroup;
			children = (
				FC5B6ED01D2CAA2900EC9C88 /* SwiftKeychainWrapper */,
				FC605F331D2B092800AC5F73 /* LoadingScreenView.xib */,
				FC605F351D2B1B8300AC5F73 /* CommonUtils.swift */,
				FCFD7E3F1D2ED7B200727BD6 /* ProgressLoadingScreenView.xib */,
				FCFD7E431D2EE3C800727BD6 /* ProgressLoadingScreenView.swift */,
				FCCC8F191D37434400BF49DB /* MultipartFormDataHTTP.swift */,
				FCCC8F1D1D37F67800BF49DB /* UserAuthentication.swift */,
				FC0AE9B71D3D621500296401 /* DateExtension.swift */,
			);
			name = CommonUtils;
			sourceTree = "<group>";
		};
		FCCD4C2E1D388E2800656E3A /* LocationLogTableViews */ = {
			isa = PBXGroup;
			children = (
				FCCD4C2F1D388E5E00656E3A /* LocationLogWithImageTableViewCell.swift */,
				FCCD4C311D388F4100656E3A /* LocationLogWithoutImageTableViewCell.swift */,
				FCCB72EB1D39A601001CCDD6 /* ProgressLocationLogTableViewCell.swift */,
				FCCB72E11D394952001CCDD6 /* NoLocationLogsView.xib */,
			);
			name = LocationLogTableViews;
			sourceTree = "<group>";
		};
		FCFD7E4D1D300B5B00727BD6 /* PhotoCollectionViews */ = {
			isa = PBXGroup;
			children = (
				FCFD7E4E1D300BAA00727BD6 /* AddNewPhotoCollectionViewCell.swift */,
				FCFD7E501D300D6500727BD6 /* PhotoCollectionViewCell.swift */,
				FCFD7E521D300F8E00727BD6 /* PhotoView.swift */,
				FC0AE9B91D3D794F00296401 /* NoPhotosInLocationLogView.xib */,
			);
			name = PhotoCollectionViews;
			sourceTree = "<group>";
		};
/* End PBXGroup section */

/* Begin PBXNativeTarget section */
		FC1913EC1D1B869800146224 /* LocNotes */ = {
			isa = PBXNativeTarget;
			buildConfigurationList = FC1913FF1D1B869800146224 /* Build configuration list for PBXNativeTarget "LocNotes" */;
			buildPhases = (
				FC1913E91D1B869800146224 /* Sources */,
				FC1913EA1D1B869800146224 /* Frameworks */,
				FC1913EB1D1B869800146224 /* Resources */,
				FC392C2C1D355D1E009DD959 /* Embed Frameworks */,
				FC392C2E1D355D6E009DD959 /* ShellScript */,
			);
			buildRules = (
			);
			dependencies = (
			);
			name = LocNotes;
			productName = LocNotes;
			productReference = FC1913ED1D1B869800146224 /* LocNotes.app */;
			productType = "com.apple.product-type.application";
		};
/* End PBXNativeTarget section */

/* Begin PBXProject section */
		FC1913E51D1B869800146224 /* Project object */ = {
			isa = PBXProject;
			attributes = {
				LastSwiftUpdateCheck = 0730;
				LastUpgradeCheck = 0730;
				ORGANIZATIONNAME = axe;
				TargetAttributes = {
					FC1913EC1D1B869800146224 = {
						CreatedOnToolsVersion = 7.3.1;
						SystemCapabilities = {
							com.apple.BackgroundModes = {
								enabled = 1;
							};
						};
					};
				};
			};
			buildConfigurationList = FC1913E81D1B869800146224 /* Build configuration list for PBXProject "LocNotes" */;
			compatibilityVersion = "Xcode 3.2";
			developmentRegion = English;
			hasScannedForEncodings = 0;
			knownRegions = (
				en,
				Base,
			);
			mainGroup = FC1913E41D1B869800146224;
			productRefGroup = FC1913EE1D1B869800146224 /* Products */;
			projectDirPath = "";
			projectRoot = "";
			targets = (
				FC1913EC1D1B869800146224 /* LocNotes */,
			);
		};
/* End PBXProject section */

/* Begin PBXResourcesBuildPhase section */
		FC1913EB1D1B869800146224 /* Resources */ = {
			isa = PBXResourcesBuildPhase;
			buildActionMask = 2147483647;
			files = (
				FCCB72E21D394952001CCDD6 /* NoLocationLogsView.xib in Resources */,
				FC1913F81D1B869800146224 /* Assets.xcassets in Resources */,
				FC1913F61D1B869800146224 /* Main.storyboard in Resources */,
				FCFD7E401D2ED7B200727BD6 /* ProgressLoadingScreenView.xib in Resources */,
				FC392C301D355FAA009DD959 /* amazon-aws-credentials.plist in Resources */,
				FC0AE9BA1D3D794F00296401 /* NoPhotosInLocationLogView.xib in Resources */,
				FC605F301D29FE2700AC5F73 /* endpoints.plist in Resources */,
				FC605F341D2B092800AC5F73 /* LoadingScreenView.xib in Resources */,
			);
			runOnlyForDeploymentPostprocessing = 0;
		};
/* End PBXResourcesBuildPhase section */

/* Begin PBXShellScriptBuildPhase section */
		FC392C2E1D355D6E009DD959 /* ShellScript */ = {
			isa = PBXShellScriptBuildPhase;
			buildActionMask = 2147483647;
			files = (
			);
			inputPaths = (
			);
			outputPaths = (
			);
			runOnlyForDeploymentPostprocessing = 0;
			shellPath = /bin/sh;
			shellScript = "bash \"${BUILT_PRODUCTS_DIR}/${FRAMEWORKS_FOLDER_PATH}/AWSCore.framework/strip-frameworks.sh\"";
		};
/* End PBXShellScriptBuildPhase section */

/* Begin PBXSourcesBuildPhase section */
		FC1913E91D1B869800146224 /* Sources */ = {
			isa = PBXSourcesBuildPhase;
			buildActionMask = 2147483647;
			files = (
				FCCB72EC1D39A601001CCDD6 /* ProgressLocationLogTableViewCell.swift in Sources */,
				FC605F161D276D5E00AC5F73 /* LoginUserViewController.swift in Sources */,
				FC5B6ED21D2E049D00EC9C88 /* UserLocationLogsViewController.swift in Sources */,
				FCCD4C2B1D38354900656E3A /* UserSettingsViewController.swift in Sources */,
				FC0AE9B81D3D621500296401 /* DateExtension.swift in Sources */,
				FC392BEB1D348453009DD959 /* LocationLog.swift in Sources */,
				FC1913F31D1B869800146224 /* SplashScreenController.swift in Sources */,
				FCFD7E531D300F8E00727BD6 /* PhotoView.swift in Sources */,
				FCFD7E441D2EE3C800727BD6 /* ProgressLoadingScreenView.swift in Sources */,
				FCFA5AEE1D242E450092ADDC /* NewUserPageContentViewController.swift in Sources */,
				FCFD7E571D30B1DA00727BD6 /* AddLocationToLocationLogViewController.swift in Sources */,
				FC605F1A1D289E1000AC5F73 /* SignUpUserViewController.swift in Sources */,
				FCFD7E4F1D300BAA00727BD6 /* AddNewPhotoCollectionViewCell.swift in Sources */,
				FC392BEA1D348453009DD959 /* LocationLog+CoreDataProperties.swift in Sources */,
				FCFD7E481D2F42B400727BD6 /* NewUserLocationLogViewController.swift in Sources */,
				FC392BEC1D348453009DD959 /* FullResolutionS3Image+CoreDataProperties.swift in Sources */,
				FC0AE9B41D3D523C00296401 /* ShowLocationLogViewController.swift in Sources */,
				FC392BE81D348453009DD959 /* ImageThumbnail+CoreDataProperties.swift in Sources */,
				FCCC8F1A1D37434400BF49DB /* MultipartFormDataHTTP.swift in Sources */,
				FC392BE11D3480C0009DD959 /* LocationLog.xcdatamodeld in Sources */,
				FCCD4C301D388E5E00656E3A /* LocationLogWithImageTableViewCell.swift in Sources */,
				FCFA5AEC1D2365D20092ADDC /* NewUserViewController.swift in Sources */,
				FC5B6ECE1D2CAA2300EC9C88 /* KeychainWrapper.swift in Sources */,
				FC605F361D2B1B8300AC5F73 /* CommonUtils.swift in Sources */,
				FC392BE91D348453009DD959 /* ImageThumbnail.swift in Sources */,
				FCCC8F1E1D37F67800BF49DB /* UserAuthentication.swift in Sources */,
				FC392BED1D348453009DD959 /* FullResolutionS3Image.swift in Sources */,
				FCFD7E511D300D6500727BD6 /* PhotoCollectionViewCell.swift in Sources */,
				FC5B6ECF1D2CAA2300EC9C88 /* KeychainOptions.swift in Sources */,
				FCCD4C321D388F4100656E3A /* LocationLogWithoutImageTableViewCell.swift in Sources */,
				FC1913F11D1B869800146224 /* AppDelegate.swift in Sources */,
			);
			runOnlyForDeploymentPostprocessing = 0;
		};
/* End PBXSourcesBuildPhase section */

/* Begin PBXVariantGroup section */
		FC1913F41D1B869800146224 /* Main.storyboard */ = {
			isa = PBXVariantGroup;
			children = (
				FC1913F51D1B869800146224 /* Base */,
			);
			name = Main.storyboard;
			sourceTree = "<group>";
		};
/* End PBXVariantGroup section */

/* Begin XCBuildConfiguration section */
		FC1913FD1D1B869800146224 /* Debug */ = {
			isa = XCBuildConfiguration;
			buildSettings = {
				ALWAYS_SEARCH_USER_PATHS = NO;
				CLANG_ANALYZER_NONNULL = YES;
				CLANG_CXX_LANGUAGE_STANDARD = "gnu++0x";
				CLANG_CXX_LIBRARY = "libc++";
				CLANG_ENABLE_MODULES = YES;
				CLANG_ENABLE_OBJC_ARC = YES;
				CLANG_WARN_BOOL_CONVERSION = YES;
				CLANG_WARN_CONSTANT_CONVERSION = YES;
				CLANG_WARN_DIRECT_OBJC_ISA_USAGE = YES_ERROR;
				CLANG_WARN_EMPTY_BODY = YES;
				CLANG_WARN_ENUM_CONVERSION = YES;
				CLANG_WARN_INT_CONVERSION = YES;
				CLANG_WARN_OBJC_ROOT_CLASS = YES_ERROR;
				CLANG_WARN_UNREACHABLE_CODE = YES;
				CLANG_WARN__DUPLICATE_METHOD_MATCH = YES;
				"CODE_SIGN_IDENTITY[sdk=iphoneos*]" = "iPhone Developer";
				COPY_PHASE_STRIP = NO;
				DEBUG_INFORMATION_FORMAT = dwarf;
				ENABLE_STRICT_OBJC_MSGSEND = YES;
				ENABLE_TESTABILITY = YES;
				GCC_C_LANGUAGE_STANDARD = gnu99;
				GCC_DYNAMIC_NO_PIC = NO;
				GCC_NO_COMMON_BLOCKS = YES;
				GCC_OPTIMIZATION_LEVEL = 0;
				GCC_PREPROCESSOR_DEFINITIONS = (
					"DEBUG=1",
					"$(inherited)",
				);
				GCC_WARN_64_TO_32_BIT_CONVERSION = YES;
				GCC_WARN_ABOUT_RETURN_TYPE = YES_ERROR;
				GCC_WARN_UNDECLARED_SELECTOR = YES;
				GCC_WARN_UNINITIALIZED_AUTOS = YES_AGGRESSIVE;
				GCC_WARN_UNUSED_FUNCTION = YES;
				GCC_WARN_UNUSED_VARIABLE = YES;
				IPHONEOS_DEPLOYMENT_TARGET = 9.3;
				MTL_ENABLE_DEBUG_INFO = YES;
				ONLY_ACTIVE_ARCH = YES;
				SDKROOT = iphoneos;
				SWIFT_OPTIMIZATION_LEVEL = "-Onone";
			};
			name = Debug;
		};
		FC1913FE1D1B869800146224 /* Release */ = {
			isa = XCBuildConfiguration;
			buildSettings = {
				ALWAYS_SEARCH_USER_PATHS = NO;
				CLANG_ANALYZER_NONNULL = YES;
				CLANG_CXX_LANGUAGE_STANDARD = "gnu++0x";
				CLANG_CXX_LIBRARY = "libc++";
				CLANG_ENABLE_MODULES = YES;
				CLANG_ENABLE_OBJC_ARC = YES;
				CLANG_WARN_BOOL_CONVERSION = YES;
				CLANG_WARN_CONSTANT_CONVERSION = YES;
				CLANG_WARN_DIRECT_OBJC_ISA_USAGE = YES_ERROR;
				CLANG_WARN_EMPTY_BODY = YES;
				CLANG_WARN_ENUM_CONVERSION = YES;
				CLANG_WARN_INT_CONVERSION = YES;
				CLANG_WARN_OBJC_ROOT_CLASS = YES_ERROR;
				CLANG_WARN_UNREACHABLE_CODE = YES;
				CLANG_WARN__DUPLICATE_METHOD_MATCH = YES;
				"CODE_SIGN_IDENTITY[sdk=iphoneos*]" = "iPhone Developer";
				COPY_PHASE_STRIP = NO;
				DEBUG_INFORMATION_FORMAT = "dwarf-with-dsym";
				ENABLE_NS_ASSERTIONS = NO;
				ENABLE_STRICT_OBJC_MSGSEND = YES;
				GCC_C_LANGUAGE_STANDARD = gnu99;
				GCC_NO_COMMON_BLOCKS = YES;
				GCC_WARN_64_TO_32_BIT_CONVERSION = YES;
				GCC_WARN_ABOUT_RETURN_TYPE = YES_ERROR;
				GCC_WARN_UNDECLARED_SELECTOR = YES;
				GCC_WARN_UNINITIALIZED_AUTOS = YES_AGGRESSIVE;
				GCC_WARN_UNUSED_FUNCTION = YES;
				GCC_WARN_UNUSED_VARIABLE = YES;
				IPHONEOS_DEPLOYMENT_TARGET = 9.3;
				MTL_ENABLE_DEBUG_INFO = NO;
				SDKROOT = iphoneos;
				VALIDATE_PRODUCT = YES;
			};
			name = Release;
		};
		FC1914001D1B869800146224 /* Debug */ = {
			isa = XCBuildConfiguration;
			buildSettings = {
				ASSETCATALOG_COMPILER_APPICON_NAME = AppIcon;
				FRAMEWORK_SEARCH_PATHS = (
					"$(inherited)",
					"$(PROJECT_DIR)",
				);
				INFOPLIST_FILE = LocNotes/Info.plist;
				LD_RUNPATH_SEARCH_PATHS = "$(inherited) @executable_path/Frameworks";
				PRODUCT_BUNDLE_IDENTIFIER = com.axe.LocNotes;
				PRODUCT_NAME = "$(TARGET_NAME)";
				SWIFT_OBJC_BRIDGING_HEADER = "LocNotes/LocNotes-Bridging-Header.h";
				TARGETED_DEVICE_FAMILY = 1;
			};
			name = Debug;
		};
		FC1914011D1B869800146224 /* Release */ = {
			isa = XCBuildConfiguration;
			buildSettings = {
				ASSETCATALOG_COMPILER_APPICON_NAME = AppIcon;
				FRAMEWORK_SEARCH_PATHS = (
					"$(inherited)",
					"$(PROJECT_DIR)",
				);
				INFOPLIST_FILE = LocNotes/Info.plist;
				LD_RUNPATH_SEARCH_PATHS = "$(inherited) @executable_path/Frameworks";
				PRODUCT_BUNDLE_IDENTIFIER = com.axe.LocNotes;
				PRODUCT_NAME = "$(TARGET_NAME)";
				SWIFT_OBJC_BRIDGING_HEADER = "LocNotes/LocNotes-Bridging-Header.h";
				TARGETED_DEVICE_FAMILY = 1;
			};
			name = Release;
		};
/* End XCBuildConfiguration section */

/* Begin XCConfigurationList section */
		FC1913E81D1B869800146224 /* Build configuration list for PBXProject "LocNotes" */ = {
			isa = XCConfigurationList;
			buildConfigurations = (
				FC1913FD1D1B869800146224 /* Debug */,
				FC1913FE1D1B869800146224 /* Release */,
			);
			defaultConfigurationIsVisible = 0;
			defaultConfigurationName = Release;
		};
		FC1913FF1D1B869800146224 /* Build configuration list for PBXNativeTarget "LocNotes" */ = {
			isa = XCConfigurationList;
			buildConfigurations = (
				FC1914001D1B869800146224 /* Debug */,
				FC1914011D1B869800146224 /* Release */,
			);
			defaultConfigurationIsVisible = 0;
			defaultConfigurationName = Release;
		};
/* End XCConfigurationList section */

/* Begin XCVersionGroup section */
		FC392BDF1D3480C0009DD959 /* LocationLog.xcdatamodeld */ = {
			isa = XCVersionGroup;
			children = (
				FC392BE01D3480C0009DD959 /* LocationLog.xcdatamodel */,
			);
			currentVersion = FC392BE01D3480C0009DD959 /* LocationLog.xcdatamodel */;
			path = LocationLog.xcdatamodeld;
			sourceTree = "<group>";
			versionGroupType = wrapper.xcdatamodel;
		};
/* End XCVersionGroup section */
	};
	rootObject = FC1913E51D1B869800146224 /* Project object */;
}
