// !$*UTF8*$!
{
	archiveVersion = 1;
	classes = {
	};
	objectVersion = 46;
	objects = {

/* Begin PBXBuildFile section */
		FC1913F11D1B869800146224 /* AppDelegate.swift in Sources */ = {isa = PBXBuildFile; fileRef = FC1913F01D1B869800146224 /* AppDelegate.swift */; };
		FC1913F31D1B869800146224 /* SplashScreenController.swift in Sources */ = {isa = PBXBuildFile; fileRef = FC1913F21D1B869800146224 /* SplashScreenController.swift */; };
		FC1913F61D1B869800146224 /* Main.storyboard in Resources */ = {isa = PBXBuildFile; fileRef = FC1913F41D1B869800146224 /* Main.storyboard */; };
		FC1913F81D1B869800146224 /* Assets.xcassets in Resources */ = {isa = PBXBuildFile; fileRef = FC1913F71D1B869800146224 /* Assets.xcassets */; };
		FC605F161D276D5E00AC5F73 /* LoginUserViewController.swift in Sources */ = {isa = PBXBuildFile; fileRef = FC605F151D276D5E00AC5F73 /* LoginUserViewController.swift */; };
		FC605F1A1D289E1000AC5F73 /* SignUpUserViewController.swift in Sources */ = {isa = PBXBuildFile; fileRef = FC605F191D289E1000AC5F73 /* SignUpUserViewController.swift */; };
		FC605F301D29FE2700AC5F73 /* endpoints.plist in Resources */ = {isa = PBXBuildFile; fileRef = FC605F2F1D29FE2700AC5F73 /* endpoints.plist */; };
		FC605F341D2B092800AC5F73 /* LoadingScreenView.xib in Resources */ = {isa = PBXBuildFile; fileRef = FC605F331D2B092800AC5F73 /* LoadingScreenView.xib */; };
		FC605F361D2B1B8300AC5F73 /* CommonUtils.swift in Sources */ = {isa = PBXBuildFile; fileRef = FC605F351D2B1B8300AC5F73 /* CommonUtils.swift */; };
		FCFA5AEC1D2365D20092ADDC /* NewUserViewController.swift in Sources */ = {isa = PBXBuildFile; fileRef = FCFA5AEB1D2365D20092ADDC /* NewUserViewController.swift */; };
		FCFA5AEE1D242E450092ADDC /* NewUserPageContentViewController.swift in Sources */ = {isa = PBXBuildFile; fileRef = FCFA5AED1D242E450092ADDC /* NewUserPageContentViewController.swift */; };
/* End PBXBuildFile section */

/* Begin PBXFileReference section */
		FC1913ED1D1B869800146224 /* LocNotes.app */ = {isa = PBXFileReference; explicitFileType = wrapper.application; includeInIndex = 0; path = LocNotes.app; sourceTree = BUILT_PRODUCTS_DIR; };
		FC1913F01D1B869800146224 /* AppDelegate.swift */ = {isa = PBXFileReference; lastKnownFileType = sourcecode.swift; path = AppDelegate.swift; sourceTree = "<group>"; };
		FC1913F21D1B869800146224 /* SplashScreenController.swift */ = {isa = PBXFileReference; lastKnownFileType = sourcecode.swift; path = SplashScreenController.swift; sourceTree = "<group>"; };
		FC1913F51D1B869800146224 /* Base */ = {isa = PBXFileReference; lastKnownFileType = file.storyboard; name = Base; path = Base.lproj/Main.storyboard; sourceTree = "<group>"; };
		FC1913F71D1B869800146224 /* Assets.xcassets */ = {isa = PBXFileReference; lastKnownFileType = folder.assetcatalog; path = Assets.xcassets; sourceTree = "<group>"; };
		FC1913FC1D1B869800146224 /* Info.plist */ = {isa = PBXFileReference; lastKnownFileType = text.plist.xml; path = Info.plist; sourceTree = "<group>"; };
		FC605F151D276D5E00AC5F73 /* LoginUserViewController.swift */ = {isa = PBXFileReference; fileEncoding = 4; lastKnownFileType = sourcecode.swift; path = LoginUserViewController.swift; sourceTree = "<group>"; };
		FC605F191D289E1000AC5F73 /* SignUpUserViewController.swift */ = {isa = PBXFileReference; fileEncoding = 4; lastKnownFileType = sourcecode.swift; path = SignUpUserViewController.swift; sourceTree = "<group>"; };
		FC605F2F1D29FE2700AC5F73 /* endpoints.plist */ = {isa = PBXFileReference; fileEncoding = 4; lastKnownFileType = text.plist.xml; path = endpoints.plist; sourceTree = "<group>"; };
		FC605F331D2B092800AC5F73 /* LoadingScreenView.xib */ = {isa = PBXFileReference; fileEncoding = 4; lastKnownFileType = file.xib; name = LoadingScreenView.xib; path = CommonUtils/LoadingScreenView.xib; sourceTree = "<group>"; };
		FC605F351D2B1B8300AC5F73 /* CommonUtils.swift */ = {isa = PBXFileReference; fileEncoding = 4; lastKnownFileType = sourcecode.swift; name = CommonUtils.swift; path = CommonUtils/CommonUtils.swift; sourceTree = "<group>"; };
		FCFA5AEB1D2365D20092ADDC /* NewUserViewController.swift */ = {isa = PBXFileReference; fileEncoding = 4; lastKnownFileType = sourcecode.swift; path = NewUserViewController.swift; sourceTree = "<group>"; };
		FCFA5AED1D242E450092ADDC /* NewUserPageContentViewController.swift */ = {isa = PBXFileReference; fileEncoding = 4; lastKnownFileType = sourcecode.swift; path = NewUserPageContentViewController.swift; sourceTree = "<group>"; };
/* End PBXFileReference section */

/* Begin PBXFrameworksBuildPhase section */
		FC1913EA1D1B869800146224 /* Frameworks */ = {
			isa = PBXFrameworksBuildPhase;
			buildActionMask = 2147483647;
			files = (
			);
			runOnlyForDeploymentPostprocessing = 0;
		};
/* End PBXFrameworksBuildPhase section */

/* Begin PBXGroup section */
		FC1913E41D1B869800146224 = {
			isa = PBXGroup;
			children = (
				FC1913EF1D1B869800146224 /* LocNotes */,
				FC1913EE1D1B869800146224 /* Products */,
			);
			sourceTree = "<group>";
		};
		FC1913EE1D1B869800146224 /* Products */ = {
			isa = PBXGroup;
			children = (
				FC1913ED1D1B869800146224 /* LocNotes.app */,
			);
			name = Products;
			sourceTree = "<group>";
		};
		FC1913EF1D1B869800146224 /* LocNotes */ = {
			isa = PBXGroup;
			children = (
				FC605F271D28CF1F00AC5F73 /* CommonUtils */,
				FC1913F01D1B869800146224 /* AppDelegate.swift */,
				FC1913F21D1B869800146224 /* SplashScreenController.swift */,
				FC1913F41D1B869800146224 /* Main.storyboard */,
				FC1913F71D1B869800146224 /* Assets.xcassets */,
				FC1913FC1D1B869800146224 /* Info.plist */,
				FCFA5AEB1D2365D20092ADDC /* NewUserViewController.swift */,
				FCFA5AED1D242E450092ADDC /* NewUserPageContentViewController.swift */,
				FC605F151D276D5E00AC5F73 /* LoginUserViewController.swift */,
				FC605F191D289E1000AC5F73 /* SignUpUserViewController.swift */,
				FC605F2F1D29FE2700AC5F73 /* endpoints.plist */,
			);
			path = LocNotes;
			sourceTree = "<group>";
		};
		FC605F271D28CF1F00AC5F73 /* CommonUtils */ = {
			isa = PBXGroup;
			children = (
				FC605F331D2B092800AC5F73 /* LoadingScreenView.xib */,
				FC605F351D2B1B8300AC5F73 /* CommonUtils.swift */,
			);
			name = CommonUtils;
			sourceTree = "<group>";
		};
/* End PBXGroup section */

/* Begin PBXNativeTarget section */
		FC1913EC1D1B869800146224 /* LocNotes */ = {
			isa = PBXNativeTarget;
			buildConfigurationList = FC1913FF1D1B869800146224 /* Build configuration list for PBXNativeTarget "LocNotes" */;
			buildPhases = (
				FC1913E91D1B869800146224 /* Sources */,
				FC1913EA1D1B869800146224 /* Frameworks */,
				FC1913EB1D1B869800146224 /* Resources */,
			);
			buildRules = (
			);
			dependencies = (
			);
			name = LocNotes;
			productName = LocNotes;
			productReference = FC1913ED1D1B869800146224 /* LocNotes.app */;
			productType = "com.apple.product-type.application";
		};
/* End PBXNativeTarget section */

/* Begin PBXProject section */
		FC1913E51D1B869800146224 /* Project object */ = {
			isa = PBXProject;
			attributes = {
				LastSwiftUpdateCheck = 0730;
				LastUpgradeCheck = 0730;
				ORGANIZATIONNAME = axe;
				TargetAttributes = {
					FC1913EC1D1B869800146224 = {
						CreatedOnToolsVersion = 7.3.1;
						SystemCapabilities = {
							com.apple.BackgroundModes = {
								enabled = 1;
							};
						};
					};
				};
			};
			buildConfigurationList = FC1913E81D1B869800146224 /* Build configuration list for PBXProject "LocNotes" */;
			compatibilityVersion = "Xcode 3.2";
			developmentRegion = English;
			hasScannedForEncodings = 0;
			knownRegions = (
				en,
				Base,
			);
			mainGroup = FC1913E41D1B869800146224;
			productRefGroup = FC1913EE1D1B869800146224 /* Products */;
			projectDirPath = "";
			projectRoot = "";
			targets = (
				FC1913EC1D1B869800146224 /* LocNotes */,
			);
		};
/* End PBXProject section */

/* Begin PBXResourcesBuildPhase section */
		FC1913EB1D1B869800146224 /* Resources */ = {
			isa = PBXResourcesBuildPhase;
			buildActionMask = 2147483647;
			files = (
				FC1913F81D1B869800146224 /* Assets.xcassets in Resources */,
				FC1913F61D1B869800146224 /* Main.storyboard in Resources */,
				FC605F301D29FE2700AC5F73 /* endpoints.plist in Resources */,
				FC605F341D2B092800AC5F73 /* LoadingScreenView.xib in Resources */,
			);
			runOnlyForDeploymentPostprocessing = 0;
		};
/* End PBXResourcesBuildPhase section */

/* Begin PBXSourcesBuildPhase section */
		FC1913E91D1B869800146224 /* Sources */ = {
			isa = PBXSourcesBuildPhase;
			buildActionMask = 2147483647;
			files = (
				FC605F161D276D5E00AC5F73 /* LoginUserViewController.swift in Sources */,
				FC1913F31D1B869800146224 /* SplashScreenController.swift in Sources */,
				FCFA5AEE1D242E450092ADDC /* NewUserPageContentViewController.swift in Sources */,
				FC605F1A1D289E1000AC5F73 /* SignUpUserViewController.swift in Sources */,
				FCFA5AEC1D2365D20092ADDC /* NewUserViewController.swift in Sources */,
				FC605F361D2B1B8300AC5F73 /* CommonUtils.swift in Sources */,
				FC1913F11D1B869800146224 /* AppDelegate.swift in Sources */,
			);
			runOnlyForDeploymentPostprocessing = 0;
		};
/* End PBXSourcesBuildPhase section */

/* Begin PBXVariantGroup section */
		FC1913F41D1B869800146224 /* Main.storyboard */ = {
			isa = PBXVariantGroup;
			children = (
				FC1913F51D1B869800146224 /* Base */,
			);
			name = Main.storyboard;
			sourceTree = "<group>";
		};
/* End PBXVariantGroup section */

/* Begin XCBuildConfiguration section */
		FC1913FD1D1B869800146224 /* Debug */ = {
			isa = XCBuildConfiguration;
			buildSettings = {
				ALWAYS_SEARCH_USER_PATHS = NO;
				CLANG_ANALYZER_NONNULL = YES;
				CLANG_CXX_LANGUAGE_STANDARD = "gnu++0x";
				CLANG_CXX_LIBRARY = "libc++";
				CLANG_ENABLE_MODULES = YES;
				CLANG_ENABLE_OBJC_ARC = YES;
				CLANG_WARN_BOOL_CONVERSION = YES;
				CLANG_WARN_CONSTANT_CONVERSION = YES;
				CLANG_WARN_DIRECT_OBJC_ISA_USAGE = YES_ERROR;
				CLANG_WARN_EMPTY_BODY = YES;
				CLANG_WARN_ENUM_CONVERSION = YES;
				CLANG_WARN_INT_CONVERSION = YES;
				CLANG_WARN_OBJC_ROOT_CLASS = YES_ERROR;
				CLANG_WARN_UNREACHABLE_CODE = YES;
				CLANG_WARN__DUPLICATE_METHOD_MATCH = YES;
				"CODE_SIGN_IDENTITY[sdk=iphoneos*]" = "iPhone Developer";
				COPY_PHASE_STRIP = NO;
				DEBUG_INFORMATION_FORMAT = dwarf;
				ENABLE_STRICT_OBJC_MSGSEND = YES;
				ENABLE_TESTABILITY = YES;
				GCC_C_LANGUAGE_STANDARD = gnu99;
				GCC_DYNAMIC_NO_PIC = NO;
				GCC_NO_COMMON_BLOCKS = YES;
				GCC_OPTIMIZATION_LEVEL = 0;
				GCC_PREPROCESSOR_DEFINITIONS = (
					"DEBUG=1",
					"$(inherited)",
				);
				GCC_WARN_64_TO_32_BIT_CONVERSION = YES;
				GCC_WARN_ABOUT_RETURN_TYPE = YES_ERROR;
				GCC_WARN_UNDECLARED_SELECTOR = YES;
				GCC_WARN_UNINITIALIZED_AUTOS = YES_AGGRESSIVE;
				GCC_WARN_UNUSED_FUNCTION = YES;
				GCC_WARN_UNUSED_VARIABLE = YES;
				IPHONEOS_DEPLOYMENT_TARGET = 9.3;
				MTL_ENABLE_DEBUG_INFO = YES;
				ONLY_ACTIVE_ARCH = YES;
				SDKROOT = iphoneos;
				SWIFT_OPTIMIZATION_LEVEL = "-Onone";
			};
			name = Debug;
		};
		FC1913FE1D1B869800146224 /* Release */ = {
			isa = XCBuildConfiguration;
			buildSettings = {
				ALWAYS_SEARCH_USER_PATHS = NO;
				CLANG_ANALYZER_NONNULL = YES;
				CLANG_CXX_LANGUAGE_STANDARD = "gnu++0x";
				CLANG_CXX_LIBRARY = "libc++";
				CLANG_ENABLE_MODULES = YES;
				CLANG_ENABLE_OBJC_ARC = YES;
				CLANG_WARN_BOOL_CONVERSION = YES;
				CLANG_WARN_CONSTANT_CONVERSION = YES;
				CLANG_WARN_DIRECT_OBJC_ISA_USAGE = YES_ERROR;
				CLANG_WARN_EMPTY_BODY = YES;
				CLANG_WARN_ENUM_CONVERSION = YES;
				CLANG_WARN_INT_CONVERSION = YES;
				CLANG_WARN_OBJC_ROOT_CLASS = YES_ERROR;
				CLANG_WARN_UNREACHABLE_CODE = YES;
				CLANG_WARN__DUPLICATE_METHOD_MATCH = YES;
				"CODE_SIGN_IDENTITY[sdk=iphoneos*]" = "iPhone Developer";
				COPY_PHASE_STRIP = NO;
				DEBUG_INFORMATION_FORMAT = "dwarf-with-dsym";
				ENABLE_NS_ASSERTIONS = NO;
				ENABLE_STRICT_OBJC_MSGSEND = YES;
				GCC_C_LANGUAGE_STANDARD = gnu99;
				GCC_NO_COMMON_BLOCKS = YES;
				GCC_WARN_64_TO_32_BIT_CONVERSION = YES;
				GCC_WARN_ABOUT_RETURN_TYPE = YES_ERROR;
				GCC_WARN_UNDECLARED_SELECTOR = YES;
				GCC_WARN_UNINITIALIZED_AUTOS = YES_AGGRESSIVE;
				GCC_WARN_UNUSED_FUNCTION = YES;
				GCC_WARN_UNUSED_VARIABLE = YES;
				IPHONEOS_DEPLOYMENT_TARGET = 9.3;
				MTL_ENABLE_DEBUG_INFO = NO;
				SDKROOT = iphoneos;
				VALIDATE_PRODUCT = YES;
			};
			name = Release;
		};
		FC1914001D1B869800146224 /* Debug */ = {
			isa = XCBuildConfiguration;
			buildSettings = {
				ASSETCATALOG_COMPILER_APPICON_NAME = AppIcon;
				INFOPLIST_FILE = LocNotes/Info.plist;
				LD_RUNPATH_SEARCH_PATHS = "$(inherited) @executable_path/Frameworks";
				PRODUCT_BUNDLE_IDENTIFIER = com.axe.LocNotes;
				PRODUCT_NAME = "$(TARGET_NAME)";
				TARGETED_DEVICE_FAMILY = 1;
			};
			name = Debug;
		};
		FC1914011D1B869800146224 /* Release */ = {
			isa = XCBuildConfiguration;
			buildSettings = {
				ASSETCATALOG_COMPILER_APPICON_NAME = AppIcon;
				INFOPLIST_FILE = LocNotes/Info.plist;
				LD_RUNPATH_SEARCH_PATHS = "$(inherited) @executable_path/Frameworks";
				PRODUCT_BUNDLE_IDENTIFIER = com.axe.LocNotes;
				PRODUCT_NAME = "$(TARGET_NAME)";
				TARGETED_DEVICE_FAMILY = 1;
			};
			name = Release;
		};
/* End XCBuildConfiguration section */

/* Begin XCConfigurationList section */
		FC1913E81D1B869800146224 /* Build configuration list for PBXProject "LocNotes" */ = {
			isa = XCConfigurationList;
			buildConfigurations = (
				FC1913FD1D1B869800146224 /* Debug */,
				FC1913FE1D1B869800146224 /* Release */,
			);
			defaultConfigurationIsVisible = 0;
			defaultConfigurationName = Release;
		};
		FC1913FF1D1B869800146224 /* Build configuration list for PBXNativeTarget "LocNotes" */ = {
			isa = XCConfigurationList;
			buildConfigurations = (
				FC1914001D1B869800146224 /* Debug */,
				FC1914011D1B869800146224 /* Release */,
			);
			defaultConfigurationIsVisible = 0;
			defaultConfigurationName = Release;
		};
/* End XCConfigurationList section */
	};
	rootObject = FC1913E51D1B869800146224 /* Project object */;
}
